// !$*UTF8*$!
{
	archiveVersion = 1;
	classes = {
	};
	objectVersion = 46;
	objects = {

/* Begin PBXGroup section */
		E35E71B41CC383AE00FEF0D6 = {
			isa = PBXGroup;
			children = (
			);
			sourceTree = "<group>";
		};
/* End PBXGroup section */

/* Begin PBXProject section */
		E35E71B51CC383AE00FEF0D6 /* Project object */ = {
			isa = PBXProject;
			attributes = {
				LastUpgradeCheck = 0730;
			};
			buildConfigurationList = E35E71B81CC383AE00FEF0D6 /* Build configuration list for PBXProject "RT" */;
			compatibilityVersion = "Xcode 3.2";
			developmentRegion = English;
			hasScannedForEncodings = 0;
			knownRegions = (
				en,
			);
			mainGroup = E35E71B41CC383AE00FEF0D6;
			projectDirPath = "";
			projectRoot = "";
			targets = (
			);
		};
/* End PBXProject section */

/* Begin XCBuildConfiguration section */
		E35E71B91CC383AE00FEF0D6 /* Debug */ = {
			isa = XCBuildConfiguration;
			buildSettings = {
			};
			name = Debug;
		};
		E35E71BA1CC383AE00FEF0D6 /* Release */ = {
			isa = XCBuildConfiguration;
			buildSettings = {
			};
			name = Release;
		};
/* End XCBuildConfiguration section */

/* Begin XCConfigurationList section */
		E35E71B81CC383AE00FEF0D6 /* Build configuration list for PBXProject "RT" */ = {
			isa = XCConfigurationList;
			buildConfigurations = (
				E35E71B91CC383AE00FEF0D6 /* Debug */,
				E35E71BA1CC383AE00FEF0D6 /* Release */,
			);
			defaultConfigurationIsVisible = 0;
			defaultConfigurationName = Release;
		};
/* End XCConfigurationList section */
	};
	rootObject = E35E71B51CC383AE00FEF0D6 /* Project object */;
}
